// !$*UTF8*$!
{
	archiveVersion = 1;
	classes = {
	};
	objectVersion = 46;
	objects = {

/* Begin PBXBuildFile section */
		3707A22219648117009A1696 /* AppDelegate.swift in Sources */ = {isa = PBXBuildFile; fileRef = 3707A22119648117009A1696 /* AppDelegate.swift */; };
		3707A22419648117009A1696 /* SimpleCoreTextViewController.swift in Sources */ = {isa = PBXBuildFile; fileRef = 3707A22319648117009A1696 /* SimpleCoreTextViewController.swift */; };
		3707A22919648117009A1696 /* Images.xcassets in Resources */ = {isa = PBXBuildFile; fileRef = 3707A22819648117009A1696 /* Images.xcassets */; };
		3707A23519648118009A1696 /* SwiftScatchpadTests.swift in Sources */ = {isa = PBXBuildFile; fileRef = 3707A23419648118009A1696 /* SwiftScatchpadTests.swift */; };
		3707A24119648154009A1696 /* ListElement.swift in Sources */ = {isa = PBXBuildFile; fileRef = 3707A23F19648154009A1696 /* ListElement.swift */; };
		3707A24219648154009A1696 /* ListElement.swift in Sources */ = {isa = PBXBuildFile; fileRef = 3707A23F19648154009A1696 /* ListElement.swift */; };
		3707A24319648154009A1696 /* ListElementManager.swift in Sources */ = {isa = PBXBuildFile; fileRef = 3707A24019648154009A1696 /* ListElementManager.swift */; };
		3707A24419648154009A1696 /* ListElementManager.swift in Sources */ = {isa = PBXBuildFile; fileRef = 3707A24019648154009A1696 /* ListElementManager.swift */; };
		3707A248196481D9009A1696 /* SimpleCoreTextView.swift in Sources */ = {isa = PBXBuildFile; fileRef = 3707A247196481D9009A1696 /* SimpleCoreTextView.swift */; };
		3707A249196481D9009A1696 /* SimpleCoreTextView.swift in Sources */ = {isa = PBXBuildFile; fileRef = 3707A247196481D9009A1696 /* SimpleCoreTextView.swift */; };
		3707A24E1964CD87009A1696 /* MainStoryboard.storyboard in Resources */ = {isa = PBXBuildFile; fileRef = 3707A24D1964CD87009A1696 /* MainStoryboard.storyboard */; };
		3707A24F1964CD87009A1696 /* MainStoryboard.storyboard in Resources */ = {isa = PBXBuildFile; fileRef = 3707A24D1964CD87009A1696 /* MainStoryboard.storyboard */; };
		3707A2511964CE3D009A1696 /* RootTableViewController.swift in Sources */ = {isa = PBXBuildFile; fileRef = 3707A2501964CE3D009A1696 /* RootTableViewController.swift */; };
		3707A2521964CE3D009A1696 /* RootTableViewController.swift in Sources */ = {isa = PBXBuildFile; fileRef = 3707A2501964CE3D009A1696 /* RootTableViewController.swift */; };
/* End PBXBuildFile section */

/* Begin PBXContainerItemProxy section */
		3707A22F19648118009A1696 /* PBXContainerItemProxy */ = {
			isa = PBXContainerItemProxy;
			containerPortal = 3707A21419648117009A1696 /* Project object */;
			proxyType = 1;
			remoteGlobalIDString = 3707A21B19648117009A1696;
			remoteInfo = SwiftScatchpad;
		};
/* End PBXContainerItemProxy section */

/* Begin PBXFileReference section */
		3707A21C19648117009A1696 /* SwiftScatchpad.app */ = {isa = PBXFileReference; explicitFileType = wrapper.application; includeInIndex = 0; path = SwiftScatchpad.app; sourceTree = BUILT_PRODUCTS_DIR; };
		3707A22019648117009A1696 /* Info.plist */ = {isa = PBXFileReference; lastKnownFileType = text.plist.xml; path = Info.plist; sourceTree = "<group>"; };
		3707A22119648117009A1696 /* AppDelegate.swift */ = {isa = PBXFileReference; lastKnownFileType = sourcecode.swift; path = AppDelegate.swift; sourceTree = "<group>"; };
		3707A22319648117009A1696 /* SimpleCoreTextViewController.swift */ = {isa = PBXFileReference; lastKnownFileType = sourcecode.swift; path = SimpleCoreTextViewController.swift; sourceTree = "<group>"; };
		3707A22819648117009A1696 /* Images.xcassets */ = {isa = PBXFileReference; lastKnownFileType = folder.assetcatalog; path = Images.xcassets; sourceTree = "<group>"; };
		3707A22E19648118009A1696 /* SwiftScatchpadTests.xctest */ = {isa = PBXFileReference; explicitFileType = wrapper.cfbundle; includeInIndex = 0; path = SwiftScatchpadTests.xctest; sourceTree = BUILT_PRODUCTS_DIR; };
		3707A23319648118009A1696 /* Info.plist */ = {isa = PBXFileReference; lastKnownFileType = text.plist.xml; path = Info.plist; sourceTree = "<group>"; };
		3707A23419648118009A1696 /* SwiftScatchpadTests.swift */ = {isa = PBXFileReference; lastKnownFileType = sourcecode.swift; path = SwiftScatchpadTests.swift; sourceTree = "<group>"; };
		3707A23F19648154009A1696 /* ListElement.swift */ = {isa = PBXFileReference; fileEncoding = 4; lastKnownFileType = sourcecode.swift; path = ListElement.swift; sourceTree = "<group>"; };
		3707A24019648154009A1696 /* ListElementManager.swift */ = {isa = PBXFileReference; fileEncoding = 4; lastKnownFileType = sourcecode.swift; path = ListElementManager.swift; sourceTree = "<group>"; };
		3707A247196481D9009A1696 /* SimpleCoreTextView.swift */ = {isa = PBXFileReference; fileEncoding = 4; lastKnownFileType = sourcecode.swift; path = SimpleCoreTextView.swift; sourceTree = "<group>"; };
		3707A24D1964CD87009A1696 /* MainStoryboard.storyboard */ = {isa = PBXFileReference; fileEncoding = 4; lastKnownFileType = file.storyboard; name = MainStoryboard.storyboard; path = ../MainStoryboard.storyboard; sourceTree = "<group>"; };
		3707A2501964CE3D009A1696 /* RootTableViewController.swift */ = {isa = PBXFileReference; fileEncoding = 4; lastKnownFileType = sourcecode.swift; path = RootTableViewController.swift; sourceTree = "<group>"; };
/* End PBXFileReference section */

/* Begin PBXFrameworksBuildPhase section */
		3707A21919648117009A1696 /* Frameworks */ = {
			isa = PBXFrameworksBuildPhase;
			buildActionMask = 2147483647;
			files = (
			);
			runOnlyForDeploymentPostprocessing = 0;
		};
		3707A22B19648118009A1696 /* Frameworks */ = {
			isa = PBXFrameworksBuildPhase;
			buildActionMask = 2147483647;
			files = (
			);
			runOnlyForDeploymentPostprocessing = 0;
		};
/* End PBXFrameworksBuildPhase section */

/* Begin PBXGroup section */
		3707A21319648117009A1696 = {
			isa = PBXGroup;
			children = (
				3707A21E19648117009A1696 /* SwiftScatchpad */,
				3707A23119648118009A1696 /* SwiftScatchpadTests */,
				3707A21D19648117009A1696 /* Products */,
			);
			sourceTree = "<group>";
		};
		3707A21D19648117009A1696 /* Products */ = {
			isa = PBXGroup;
			children = (
				3707A21C19648117009A1696 /* SwiftScatchpad.app */,
				3707A22E19648118009A1696 /* SwiftScatchpadTests.xctest */,
			);
			name = Products;
			sourceTree = "<group>";
		};
		3707A21E19648117009A1696 /* SwiftScatchpad */ = {
			isa = PBXGroup;
			children = (
				3707A246196481B3009A1696 /* Controller */,
				3707A245196481AC009A1696 /* View */,
				3707A23E1964813C009A1696 /* Model */,
				3707A22119648117009A1696 /* AppDelegate.swift */,
				3707A24D1964CD87009A1696 /* MainStoryboard.storyboard */,
				3707A22819648117009A1696 /* Images.xcassets */,
				3707A21F19648117009A1696 /* Supporting Files */,
			);
			path = SwiftScatchpad;
			sourceTree = "<group>";
		};
		3707A21F19648117009A1696 /* Supporting Files */ = {
			isa = PBXGroup;
			children = (
				3707A22019648117009A1696 /* Info.plist */,
			);
			name = "Supporting Files";
			sourceTree = "<group>";
		};
		3707A23119648118009A1696 /* SwiftScatchpadTests */ = {
			isa = PBXGroup;
			children = (
				3707A23419648118009A1696 /* SwiftScatchpadTests.swift */,
				3707A23219648118009A1696 /* Supporting Files */,
			);
			path = SwiftScatchpadTests;
			sourceTree = "<group>";
		};
		3707A23219648118009A1696 /* Supporting Files */ = {
			isa = PBXGroup;
			children = (
				3707A23319648118009A1696 /* Info.plist */,
			);
			name = "Supporting Files";
			sourceTree = "<group>";
		};
		3707A23E1964813C009A1696 /* Model */ = {
			isa = PBXGroup;
			children = (
				3707A23F19648154009A1696 /* ListElement.swift */,
				3707A24019648154009A1696 /* ListElementManager.swift */,
			);
			name = Model;
			sourceTree = "<group>";
		};
		3707A245196481AC009A1696 /* View */ = {
			isa = PBXGroup;
			children = (
				3707A247196481D9009A1696 /* SimpleCoreTextView.swift */,
			);
			name = View;
			sourceTree = "<group>";
		};
		3707A246196481B3009A1696 /* Controller */ = {
			isa = PBXGroup;
			children = (
				3707A22319648117009A1696 /* SimpleCoreTextViewController.swift */,
				3707A2501964CE3D009A1696 /* RootTableViewController.swift */,
			);
			name = Controller;
			sourceTree = "<group>";
		};
/* End PBXGroup section */

/* Begin PBXNativeTarget section */
		3707A21B19648117009A1696 /* SwiftScatchpad */ = {
			isa = PBXNativeTarget;
			buildConfigurationList = 3707A23819648118009A1696 /* Build configuration list for PBXNativeTarget "SwiftScatchpad" */;
			buildPhases = (
				3707A21819648117009A1696 /* Sources */,
				3707A21919648117009A1696 /* Frameworks */,
				3707A21A19648117009A1696 /* Resources */,
			);
			buildRules = (
			);
			dependencies = (
			);
			name = SwiftScatchpad;
			productName = SwiftScatchpad;
			productReference = 3707A21C19648117009A1696 /* SwiftScatchpad.app */;
			productType = "com.apple.product-type.application";
		};
		3707A22D19648118009A1696 /* SwiftScatchpadTests */ = {
			isa = PBXNativeTarget;
			buildConfigurationList = 3707A23B19648118009A1696 /* Build configuration list for PBXNativeTarget "SwiftScatchpadTests" */;
			buildPhases = (
				3707A22A19648118009A1696 /* Sources */,
				3707A22B19648118009A1696 /* Frameworks */,
				3707A22C19648118009A1696 /* Resources */,
			);
			buildRules = (
			);
			dependencies = (
				3707A23019648118009A1696 /* PBXTargetDependency */,
			);
			name = SwiftScatchpadTests;
			productName = SwiftScatchpadTests;
			productReference = 3707A22E19648118009A1696 /* SwiftScatchpadTests.xctest */;
			productType = "com.apple.product-type.bundle.unit-test";
		};
/* End PBXNativeTarget section */

/* Begin PBXProject section */
		3707A21419648117009A1696 /* Project object */ = {
			isa = PBXProject;
			attributes = {
				LastUpgradeCheck = 0600;
				ORGANIZATIONNAME = "George Webster";
				TargetAttributes = {
					3707A21B19648117009A1696 = {
						CreatedOnToolsVersion = 6.0;
					};
					3707A22D19648118009A1696 = {
						CreatedOnToolsVersion = 6.0;
						TestTargetID = 3707A21B19648117009A1696;
					};
				};
			};
			buildConfigurationList = 3707A21719648117009A1696 /* Build configuration list for PBXProject "SwiftScatchpad" */;
			compatibilityVersion = "Xcode 3.2";
			developmentRegion = English;
			hasScannedForEncodings = 0;
			knownRegions = (
				en,
				Base,
			);
			mainGroup = 3707A21319648117009A1696;
			productRefGroup = 3707A21D19648117009A1696 /* Products */;
			projectDirPath = "";
			projectRoot = "";
			targets = (
				3707A21B19648117009A1696 /* SwiftScatchpad */,
				3707A22D19648118009A1696 /* SwiftScatchpadTests */,
			);
		};
/* End PBXProject section */

/* Begin PBXResourcesBuildPhase section */
		3707A21A19648117009A1696 /* Resources */ = {
			isa = PBXResourcesBuildPhase;
			buildActionMask = 2147483647;
			files = (
				3707A24E1964CD87009A1696 /* MainStoryboard.storyboard in Resources */,
				3707A22919648117009A1696 /* Images.xcassets in Resources */,
			);
			runOnlyForDeploymentPostprocessing = 0;
		};
		3707A22C19648118009A1696 /* Resources */ = {
			isa = PBXResourcesBuildPhase;
			buildActionMask = 2147483647;
			files = (
				3707A24F1964CD87009A1696 /* MainStoryboard.storyboard in Resources */,
			);
			runOnlyForDeploymentPostprocessing = 0;
		};
/* End PBXResourcesBuildPhase section */

/* Begin PBXSourcesBuildPhase section */
		3707A21819648117009A1696 /* Sources */ = {
			isa = PBXSourcesBuildPhase;
			buildActionMask = 2147483647;
			files = (
				3707A24319648154009A1696 /* ListElementManager.swift in Sources */,
				3707A2511964CE3D009A1696 /* RootTableViewController.swift in Sources */,
				3707A22419648117009A1696 /* SimpleCoreTextViewController.swift in Sources */,
				3707A22219648117009A1696 /* AppDelegate.swift in Sources */,
				3707A24119648154009A1696 /* ListElement.swift in Sources */,
				3707A248196481D9009A1696 /* SimpleCoreTextView.swift in Sources */,
			);
			runOnlyForDeploymentPostprocessing = 0;
		};
		3707A22A19648118009A1696 /* Sources */ = {
			isa = PBXSourcesBuildPhase;
			buildActionMask = 2147483647;
			files = (
				3707A24419648154009A1696 /* ListElementManager.swift in Sources */,
				3707A24219648154009A1696 /* ListElement.swift in Sources */,
				3707A2521964CE3D009A1696 /* RootTableViewController.swift in Sources */,
				3707A249196481D9009A1696 /* SimpleCoreTextView.swift in Sources */,
				3707A23519648118009A1696 /* SwiftScatchpadTests.swift in Sources */,
			);
			runOnlyForDeploymentPostprocessing = 0;
		};
/* End PBXSourcesBuildPhase section */

/* Begin PBXTargetDependency section */
		3707A23019648118009A1696 /* PBXTargetDependency */ = {
			isa = PBXTargetDependency;
			target = 3707A21B19648117009A1696 /* SwiftScatchpad */;
			targetProxy = 3707A22F19648118009A1696 /* PBXContainerItemProxy */;
		};
/* End PBXTargetDependency section */

/* Begin XCBuildConfiguration section */
		3707A23619648118009A1696 /* Debug */ = {
			isa = XCBuildConfiguration;
			buildSettings = {
				ALWAYS_SEARCH_USER_PATHS = NO;
				CLANG_CXX_LANGUAGE_STANDARD = "gnu++0x";
				CLANG_CXX_LIBRARY = "libc++";
				CLANG_ENABLE_MODULES = YES;
				CLANG_ENABLE_OBJC_ARC = YES;
				CLANG_WARN_BOOL_CONVERSION = YES;
				CLANG_WARN_CONSTANT_CONVERSION = YES;
				CLANG_WARN_DIRECT_OBJC_ISA_USAGE = YES_ERROR;
				CLANG_WARN_EMPTY_BODY = YES;
				CLANG_WARN_ENUM_CONVERSION = YES;
				CLANG_WARN_INT_CONVERSION = YES;
				CLANG_WARN_OBJC_ROOT_CLASS = YES_ERROR;
				CLANG_WARN_UNREACHABLE_CODE = YES;
				CLANG_WARN__DUPLICATE_METHOD_MATCH = YES;
				"CODE_SIGN_IDENTITY[sdk=iphoneos*]" = "iPhone Developer";
				COPY_PHASE_STRIP = NO;
				ENABLE_STRICT_OBJC_MSGSEND = YES;
				GCC_C_LANGUAGE_STANDARD = gnu99;
				GCC_DYNAMIC_NO_PIC = NO;
				GCC_OPTIMIZATION_LEVEL = 0;
				GCC_PREPROCESSOR_DEFINITIONS = (
					"DEBUG=1",
					"$(inherited)",
				);
				GCC_SYMBOLS_PRIVATE_EXTERN = NO;
				GCC_WARN_64_TO_32_BIT_CONVERSION = YES;
				GCC_WARN_ABOUT_RETURN_TYPE = YES_ERROR;
				GCC_WARN_UNDECLARED_SELECTOR = YES;
				GCC_WARN_UNINITIALIZED_AUTOS = YES_AGGRESSIVE;
				GCC_WARN_UNUSED_FUNCTION = YES;
				GCC_WARN_UNUSED_VARIABLE = YES;
				IPHONEOS_DEPLOYMENT_TARGET = 8.0;
				METAL_ENABLE_DEBUG_INFO = YES;
				ONLY_ACTIVE_ARCH = YES;
				SDKROOT = iphoneos;
				SWIFT_OPTIMIZATION_LEVEL = "-Onone";
				TARGETED_DEVICE_FAMILY = 2;
			};
			name = Debug;
		};
		3707A23719648118009A1696 /* Release */ = {
			isa = XCBuildConfiguration;
			buildSettings = {
				ALWAYS_SEARCH_USER_PATHS = NO;
				CLANG_CXX_LANGUAGE_STANDARD = "gnu++0x";
				CLANG_CXX_LIBRARY = "libc++";
				CLANG_ENABLE_MODULES = YES;
				CLANG_ENABLE_OBJC_ARC = YES;
				CLANG_WARN_BOOL_CONVERSION = YES;
				CLANG_WARN_CONSTANT_CONVERSION = YES;
				CLANG_WARN_DIRECT_OBJC_ISA_USAGE = YES_ERROR;
				CLANG_WARN_EMPTY_BODY = YES;
				CLANG_WARN_ENUM_CONVERSION = YES;
				CLANG_WARN_INT_CONVERSION = YES;
				CLANG_WARN_OBJC_ROOT_CLASS = YES_ERROR;
				CLANG_WARN_UNREACHABLE_CODE = YES;
				CLANG_WARN__DUPLICATE_METHOD_MATCH = YES;
				"CODE_SIGN_IDENTITY[sdk=iphoneos*]" = "iPhone Developer";
				COPY_PHASE_STRIP = YES;
				ENABLE_NS_ASSERTIONS = NO;
				ENABLE_STRICT_OBJC_MSGSEND = YES;
				GCC_C_LANGUAGE_STANDARD = gnu99;
				GCC_WARN_64_TO_32_BIT_CONVERSION = YES;
				GCC_WARN_ABOUT_RETURN_TYPE = YES_ERROR;
				GCC_WARN_UNDECLARED_SELECTOR = YES;
				GCC_WARN_UNINITIALIZED_AUTOS = YES_AGGRESSIVE;
				GCC_WARN_UNUSED_FUNCTION = YES;
				GCC_WARN_UNUSED_VARIABLE = YES;
				IPHONEOS_DEPLOYMENT_TARGET = 8.0;
				METAL_ENABLE_DEBUG_INFO = NO;
				SDKROOT = iphoneos;
				TARGETED_DEVICE_FAMILY = 2;
				VALIDATE_PRODUCT = YES;
			};
			name = Release;
		};
		3707A23919648118009A1696 /* Debug */ = {
			isa = XCBuildConfiguration;
			buildSettings = {
				ASSETCATALOG_COMPILER_APPICON_NAME = AppIcon;
				ASSETCATALOG_COMPILER_LAUNCHIMAGE_NAME = LaunchImage;
				CODE_SIGN_IDENTITY = "iPhone Developer";
				INFOPLIST_FILE = SwiftScatchpad/Info.plist;
				LD_RUNPATH_SEARCH_PATHS = "$(inherited) @executable_path/Frameworks";
				PRODUCT_NAME = "$(TARGET_NAME)";
				TARGETED_DEVICE_FAMILY = 1;
			};
			name = Debug;
		};
		3707A23A19648118009A1696 /* Release */ = {
			isa = XCBuildConfiguration;
			buildSettings = {
				ASSETCATALOG_COMPILER_APPICON_NAME = AppIcon;
				ASSETCATALOG_COMPILER_LAUNCHIMAGE_NAME = LaunchImage;
				CODE_SIGN_IDENTITY = "iPhone Developer";
				INFOPLIST_FILE = SwiftScatchpad/Info.plist;
				LD_RUNPATH_SEARCH_PATHS = "$(inherited) @executable_path/Frameworks";
				PRODUCT_NAME = "$(TARGET_NAME)";
				TARGETED_DEVICE_FAMILY = 1;
			};
			name = Release;
		};
		3707A23C19648118009A1696 /* Debug */ = {
			isa = XCBuildConfiguration;
			buildSettings = {
				BUNDLE_LOADER = "$(BUILT_PRODUCTS_DIR)/SwiftScatchpad.app/SwiftScatchpad";
				FRAMEWORK_SEARCH_PATHS = (
					"$(SDKROOT)/Developer/Library/Frameworks",
					"$(inherited)",
				);
				GCC_PREPROCESSOR_DEFINITIONS = (
					"DEBUG=1",
					"$(inherited)",
				);
				INFOPLIST_FILE = SwiftScatchpadTests/Info.plist;
				LD_RUNPATH_SEARCH_PATHS = "$(inherited) @executable_path/Frameworks @loader_path/Frameworks";
				METAL_ENABLE_DEBUG_INFO = YES;
				PRODUCT_NAME = "$(TARGET_NAME)";
				TEST_HOST = "$(BUNDLE_LOADER)";
			};
			name = Debug;
		};
		3707A23D19648118009A1696 /* Release */ = {
			isa = XCBuildConfiguration;
			buildSettings = {
				BUNDLE_LOADER = "$(BUILT_PRODUCTS_DIR)/SwiftScatchpad.app/SwiftScatchpad";
				FRAMEWORK_SEARCH_PATHS = (
					"$(SDKROOT)/Developer/Library/Frameworks",
					"$(inherited)",
				);
				INFOPLIST_FILE = SwiftScatchpadTests/Info.plist;
				LD_RUNPATH_SEARCH_PATHS = "$(inherited) @executable_path/Frameworks @loader_path/Frameworks";
				METAL_ENABLE_DEBUG_INFO = NO;
				PRODUCT_NAME = "$(TARGET_NAME)";
				TEST_HOST = "$(BUNDLE_LOADER)";
			};
			name = Release;
		};
/* End XCBuildConfiguration section */

/* Begin XCConfigurationList section */
		3707A21719648117009A1696 /* Build configuration list for PBXProject "SwiftScatchpad" */ = {
			isa = XCConfigurationList;
			buildConfigurations = (
				3707A23619648118009A1696 /* Debug */,
				3707A23719648118009A1696 /* Release */,
			);
			defaultConfigurationIsVisible = 0;
			defaultConfigurationName = Release;
		};
		3707A23819648118009A1696 /* Build configuration list for PBXNativeTarget "SwiftScatchpad" */ = {
			isa = XCConfigurationList;
			buildConfigurations = (
				3707A23919648118009A1696 /* Debug */,
				3707A23A19648118009A1696 /* Release */,
			);
			defaultConfigurationIsVisible = 0;
		};
		3707A23B19648118009A1696 /* Build configuration list for PBXNativeTarget "SwiftScatchpadTests" */ = {
			isa = XCConfigurationList;
			buildConfigurations = (
				3707A23C19648118009A1696 /* Debug */,
				3707A23D19648118009A1696 /* Release */,
			);
			defaultConfigurationIsVisible = 0;
		};
/* End XCConfigurationList section */
	};
	rootObject = 3707A21419648117009A1696 /* Project object */;
}
